Microsoft Visual Studio Solution File, Format Version 12.00
# Visual Studio 15
VisualStudioVersion = 15.0.28307.421
MinimumVisualStudioVersion = 10.0.40219.1
Project("{FAE04EC0-301F-11D3-BF4B-00C04F79EFBC}") = "2.3", "2.3\2.3.csproj", "{992C10D9-DC64-4D89-840F-7A4FF3591524}"
EndProject
Project("{FAE04EC0-301F-11D3-BF4B-00C04F79EFBC}") = "2.7", "2.7\2.7.csproj", "{5B749D89-0215-402C-B3FA-E78AB49D0A8C}"
EndProject
Project("{FAE04EC0-301F-11D3-BF4B-00C04F79EFBC}") = "1.7", "1.7\1.7.csproj", "{00FE7A01-A7C2-4E98-9AA1-4274520E08F8}"
EndProject
Project("{FAE04EC0-301F-11D3-BF4B-00C04F79EFBC}") = "1.8", "1.8\1.8.csproj", "{B8BDD69E-4FFA-4070-BCF7-201B34848B60}"
EndProject
Project("{FAE04EC0-301F-11D3-BF4B-00C04F79EFBC}") = "3.1", "3.1\3.1.csproj", "{F8B4C3A3-D447-4395-BA78-2BC379E29470}"
EndProject
Project("{FAE04EC0-301F-11D3-BF4B-00C04F79EFBC}") = "3.2", "3.2\3.2.csproj", "{680AAE4A-6AA9-4C2D-A866-77B11DDBAC61}"
EndProject
Project("{FAE04EC0-301F-11D3-BF4B-00C04F79EFBC}") = "2.4", "2.4\2.4.csproj", "{9CD86409-FCAA-4B53-8379-C39BEDE1814E}"
EndProject
Project("{FAE04EC0-301F-11D3-BF4B-00C04F79EFBC}") = "1.6", "1.6\1.6.csproj", "{BB1AF941-8865-432F-B9C0-4D00A610E272}"
EndProject
Project("{FAE04EC0-301F-11D3-BF4B-00C04F79EFBC}") = "4.4", "4.4\4.4.csproj", "{5104105B-4834-4197-8C92-6F55173D8C73}"
EndProject
Project("{FAE04EC0-301F-11D3-BF4B-00C04F79EFBC}") = "4.5", "4.5\4.5.csproj", "{85BD5844-135A-4641-BEFC-72752E93E85E}"
EndProject
Project("{FAE04EC0-301F-11D3-BF4B-00C04F79EFBC}") = "4.3", "4.3\4.3.csproj", "{BD5E68EB-0E38-49D7-87DB-3E29864D41D0}"
EndProject
Global
	GlobalSection(SolutionConfigurationPlatforms) = preSolution
		Debug|Any CPU = Debug|Any CPU
		Debug|x86 = Debug|x86
		Default|Any CPU = Default|Any CPU
		Default|x86 = Default|x86
		Release|Any CPU = Release|Any CPU
		Release|x86 = Release|x86
	EndGlobalSection
	GlobalSection(ProjectConfigurationPlatforms) = postSolution
		{992C10D9-DC64-4D89-840F-7A4FF3591524}.Debug|Any CPU.ActiveCfg = Debug|x86
		{992C10D9-DC64-4D89-840F-7A4FF3591524}.Debug|x86.ActiveCfg = Debug|x86
		{992C10D9-DC64-4D89-840F-7A4FF3591524}.Debug|x86.Build.0 = Debug|x86
		{992C10D9-DC64-4D89-840F-7A4FF3591524}.Default|Any CPU.ActiveCfg = Debug|x86
		{992C10D9-DC64-4D89-840F-7A4FF3591524}.Default|Any CPU.Build.0 = Debug|x86
		{992C10D9-DC64-4D89-840F-7A4FF3591524}.Default|x86.ActiveCfg = Debug|x86
		{992C10D9-DC64-4D89-840F-7A4FF3591524}.Default|x86.Build.0 = Debug|x86
		{992C10D9-DC64-4D89-840F-7A4FF3591524}.Release|Any CPU.ActiveCfg = Release|x86
		{992C10D9-DC64-4D89-840F-7A4FF3591524}.Release|x86.ActiveCfg = Release|x86
		{992C10D9-DC64-4D89-840F-7A4FF3591524}.Release|x86.Build.0 = Release|x86
		{5B749D89-0215-402C-B3FA-E78AB49D0A8C}.Debug|Any CPU.ActiveCfg = Debug|x86
		{5B749D89-0215-402C-B3FA-E78AB49D0A8C}.Debug|x86.ActiveCfg = Debug|x86
		{5B749D89-0215-402C-B3FA-E78AB49D0A8C}.Debug|x86.Build.0 = Debug|x86
		{5B749D89-0215-402C-B3FA-E78AB49D0A8C}.Default|Any CPU.ActiveCfg = Debug|x86
		{5B749D89-0215-402C-B3FA-E78AB49D0A8C}.Default|Any CPU.Build.0 = Debug|x86
		{5B749D89-0215-402C-B3FA-E78AB49D0A8C}.Default|x86.ActiveCfg = Debug|x86
		{5B749D89-0215-402C-B3FA-E78AB49D0A8C}.Default|x86.Build.0 = Debug|x86
		{5B749D89-0215-402C-B3FA-E78AB49D0A8C}.Release|Any CPU.ActiveCfg = Release|x86
		{5B749D89-0215-402C-B3FA-E78AB49D0A8C}.Release|x86.ActiveCfg = Release|x86
		{5B749D89-0215-402C-B3FA-E78AB49D0A8C}.Release|x86.Build.0 = Release|x86
		{00FE7A01-A7C2-4E98-9AA1-4274520E08F8}.Debug|Any CPU.ActiveCfg = Debug|x86
		{00FE7A01-A7C2-4E98-9AA1-4274520E08F8}.Debug|x86.ActiveCfg = Debug|x86
		{00FE7A01-A7C2-4E98-9AA1-4274520E08F8}.Debug|x86.Build.0 = Debug|x86
		{00FE7A01-A7C2-4E98-9AA1-4274520E08F8}.Default|Any CPU.ActiveCfg = Debug|x86
		{00FE7A01-A7C2-4E98-9AA1-4274520E08F8}.Default|Any CPU.Build.0 = Debug|x86
		{00FE7A01-A7C2-4E98-9AA1-4274520E08F8}.Default|x86.ActiveCfg = Debug|x86
		{00FE7A01-A7C2-4E98-9AA1-4274520E08F8}.Default|x86.Build.0 = Debug|x86
		{00FE7A01-A7C2-4E98-9AA1-4274520E08F8}.Release|Any CPU.ActiveCfg = Release|x86
		{00FE7A01-A7C2-4E98-9AA1-4274520E08F8}.Release|x86.ActiveCfg = Release|x86
		{00FE7A01-A7C2-4E98-9AA1-4274520E08F8}.Release|x86.Build.0 = Release|x86
		{B8BDD69E-4FFA-4070-BCF7-201B34848B60}.Debug|Any CPU.ActiveCfg = Debug|x86
		{B8BDD69E-4FFA-4070-BCF7-201B34848B60}.Debug|x86.ActiveCfg = Debug|x86
		{B8BDD69E-4FFA-4070-BCF7-201B34848B60}.Debug|x86.Build.0 = Debug|x86
		{B8BDD69E-4FFA-4070-BCF7-201B34848B60}.Default|Any CPU.ActiveCfg = Debug|x86
		{B8BDD69E-4FFA-4070-BCF7-201B34848B60}.Default|Any CPU.Build.0 = Debug|x86
		{B8BDD69E-4FFA-4070-BCF7-201B34848B60}.Default|x86.ActiveCfg = Debug|x86
		{B8BDD69E-4FFA-4070-BCF7-201B34848B60}.Default|x86.Build.0 = Debug|x86
		{B8BDD69E-4FFA-4070-BCF7-201B34848B60}.Release|Any CPU.ActiveCfg = Release|x86
		{B8BDD69E-4FFA-4070-BCF7-201B34848B60}.Release|x86.ActiveCfg = Release|x86
		{B8BDD69E-4FFA-4070-BCF7-201B34848B60}.Release|x86.Build.0 = Release|x86
		{F8B4C3A3-D447-4395-BA78-2BC379E29470}.Debug|Any CPU.ActiveCfg = Debug|x86
		{F8B4C3A3-D447-4395-BA78-2BC379E29470}.Debug|x86.ActiveCfg = Debug|x86
		{F8B4C3A3-D447-4395-BA78-2BC379E29470}.Debug|x86.Build.0 = Debug|x86
		{F8B4C3A3-D447-4395-BA78-2BC379E29470}.Default|Any CPU.ActiveCfg = Debug|x86
		{F8B4C3A3-D447-4395-BA78-2BC379E29470}.Default|Any CPU.Build.0 = Debug|x86
		{F8B4C3A3-D447-4395-BA78-2BC379E29470}.Default|x86.ActiveCfg = Debug|x86
		{F8B4C3A3-D447-4395-BA78-2BC379E29470}.Default|x86.Build.0 = Debug|x86
		{F8B4C3A3-D447-4395-BA78-2BC379E29470}.Release|Any CPU.ActiveCfg = Release|x86
		{F8B4C3A3-D447-4395-BA78-2BC379E29470}.Release|x86.ActiveCfg = Release|x86
		{F8B4C3A3-D447-4395-BA78-2BC379E29470}.Release|x86.Build.0 = Release|x86
		{680AAE4A-6AA9-4C2D-A866-77B11DDBAC61}.Debug|Any CPU.ActiveCfg = Debug|x86
		{680AAE4A-6AA9-4C2D-A866-77B11DDBAC61}.Debug|x86.ActiveCfg = Debug|x86
		{680AAE4A-6AA9-4C2D-A866-77B11DDBAC61}.Debug|x86.Build.0 = Debug|x86
		{680AAE4A-6AA9-4C2D-A866-77B11DDBAC61}.Default|Any CPU.ActiveCfg = Debug|x86
		{680AAE4A-6AA9-4C2D-A866-77B11DDBAC61}.Default|Any CPU.Build.0 = Debug|x86
		{680AAE4A-6AA9-4C2D-A866-77B11DDBAC61}.Default|x86.ActiveCfg = Debug|x86
		{680AAE4A-6AA9-4C2D-A866-77B11DDBAC61}.Default|x86.Build.0 = Debug|x86
		{680AAE4A-6AA9-4C2D-A866-77B11DDBAC61}.Release|Any CPU.ActiveCfg = Release|x86
		{680AAE4A-6AA9-4C2D-A866-77B11DDBAC61}.Release|x86.ActiveCfg = Release|x86
		{680AAE4A-6AA9-4C2D-A866-77B11DDBAC61}.Release|x86.Build.0 = Release|x86
		{9CD86409-FCAA-4B53-8379-C39BEDE1814E}.Debug|Any CPU.ActiveCfg = Debug|x86
		{9CD86409-FCAA-4B53-8379-C39BEDE1814E}.Debug|x86.ActiveCfg = Debug|x86
		{9CD86409-FCAA-4B53-8379-C39BEDE1814E}.Debug|x86.Build.0 = Debug|x86
		{9CD86409-FCAA-4B53-8379-C39BEDE1814E}.Default|Any CPU.ActiveCfg = Debug|x86
		{9CD86409-FCAA-4B53-8379-C39BEDE1814E}.Default|Any CPU.Build.0 = Debug|x86
		{9CD86409-FCAA-4B53-8379-C39BEDE1814E}.Default|x86.ActiveCfg = Debug|x86
		{9CD86409-FCAA-4B53-8379-C39BEDE1814E}.Default|x86.Build.0 = Debug|x86
		{9CD86409-FCAA-4B53-8379-C39BEDE1814E}.Release|Any CPU.ActiveCfg = Release|x86
		{9CD86409-FCAA-4B53-8379-C39BEDE1814E}.Release|x86.ActiveCfg = Release|x86
		{9CD86409-FCAA-4B53-8379-C39BEDE1814E}.Release|x86.Build.0 = Release|x86
		{BB1AF941-8865-432F-B9C0-4D00A610E272}.Debug|Any CPU.ActiveCfg = Debug|x86
		{BB1AF941-8865-432F-B9C0-4D00A610E272}.Debug|x86.ActiveCfg = Debug|x86
		{BB1AF941-8865-432F-B9C0-4D00A610E272}.Debug|x86.Build.0 = Debug|x86
		{BB1AF941-8865-432F-B9C0-4D00A610E272}.Default|Any CPU.ActiveCfg = Debug|x86
		{BB1AF941-8865-432F-B9C0-4D00A610E272}.Default|Any CPU.Build.0 = Debug|x86
		{BB1AF941-8865-432F-B9C0-4D00A610E272}.Default|x86.ActiveCfg = Debug|x86
		{BB1AF941-8865-432F-B9C0-4D00A610E272}.Default|x86.Build.0 = Debug|x86
		{BB1AF941-8865-432F-B9C0-4D00A610E272}.Release|Any CPU.ActiveCfg = Release|x86
		{BB1AF941-8865-432F-B9C0-4D00A610E272}.Release|x86.ActiveCfg = Release|x86
		{BB1AF941-8865-432F-B9C0-4D00A610E272}.Release|x86.Build.0 = Release|x86
		{5104105B-4834-4197-8C92-6F55173D8C73}.Debug|Any CPU.ActiveCfg = Debug|Any CPU
		{5104105B-4834-4197-8C92-6F55173D8C73}.Debug|Any CPU.Build.0 = Debug|Any CPU
		{5104105B-4834-4197-8C92-6F55173D8C73}.Debug|x86.ActiveCfg = Debug|Any CPU
		{5104105B-4834-4197-8C92-6F55173D8C73}.Debug|x86.Build.0 = Debug|Any CPU
		{5104105B-4834-4197-8C92-6F55173D8C73}.Default|Any CPU.ActiveCfg = Debug|Any CPU
		{5104105B-4834-4197-8C92-6F55173D8C73}.Default|Any CPU.Build.0 = Debug|Any CPU
		{5104105B-4834-4197-8C92-6F55173D8C73}.Default|x86.ActiveCfg = Debug|Any CPU
		{5104105B-4834-4197-8C92-6F55173D8C73}.Default|x86.Build.0 = Debug|Any CPU
		{5104105B-4834-4197-8C92-6F55173D8C73}.Release|Any CPU.ActiveCfg = Release|Any CPU
		{5104105B-4834-4197-8C92-6F55173D8C73}.Release|Any CPU.Build.0 = Release|Any CPU
		{5104105B-4834-4197-8C92-6F55173D8C73}.Release|x86.ActiveCfg = Release|Any CPU
		{5104105B-4834-4197-8C92-6F55173D8C73}.Release|x86.Build.0 = Release|Any CPU
		{85BD5844-135A-4641-BEFC-72752E93E85E}.Debug|Any CPU.ActiveCfg = Debug|Any CPU
		{85BD5844-135A-4641-BEFC-72752E93E85E}.Debug|Any CPU.Build.0 = Debug|Any CPU
		{85BD5844-135A-4641-BEFC-72752E93E85E}.Debug|x86.ActiveCfg = Debug|Any CPU
		{85BD5844-135A-4641-BEFC-72752E93E85E}.Debug|x86.Build.0 = Debug|Any CPU
		{85BD5844-135A-4641-BEFC-72752E93E85E}.Default|Any CPU.ActiveCfg = Debug|Any CPU
		{85BD5844-135A-4641-BEFC-72752E93E85E}.Default|Any CPU.Build.0 = Debug|Any CPU
		{85BD5844-135A-4641-BEFC-72752E93E85E}.Default|x86.ActiveCfg = Debug|Any CPU
		{85BD5844-135A-4641-BEFC-72752E93E85E}.Default|x86.Build.0 = Debug|Any CPU
		{85BD5844-135A-4641-BEFC-72752E93E85E}.Release|Any CPU.ActiveCfg = Release|Any CPU
		{85BD5844-135A-4641-BEFC-72752E93E85E}.Release|Any CPU.Build.0 = Release|Any CPU
		{85BD5844-135A-4641-BEFC-72752E93E85E}.Release|x86.ActiveCfg = Release|Any CPU
		{85BD5844-135A-4641-BEFC-72752E93E85E}.Release|x86.Build.0 = Release|Any CPU
		{BD5E68EB-0E38-49D7-87DB-3E29864D41D0}.Debug|Any CPU.ActiveCfg = Debug|Any CPU
		{BD5E68EB-0E38-49D7-87DB-3E29864D41D0}.Debug|Any CPU.Build.0 = Debug|Any CPU
		{BD5E68EB-0E38-49D7-87DB-3E29864D41D0}.Debug|x86.ActiveCfg = Debug|Any CPU
		{BD5E68EB-0E38-49D7-87DB-3E29864D41D0}.Debug|x86.Build.0 = Debug|Any CPU
		{BD5E68EB-0E38-49D7-87DB-3E29864D41D0}.Default|Any CPU.ActiveCfg = Debug|Any CPU
		{BD5E68EB-0E38-49D7-87DB-3E29864D41D0}.Default|Any CPU.Build.0 = Debug|Any CPU
		{BD5E68EB-0E38-49D7-87DB-3E29864D41D0}.Default|x86.ActiveCfg = Debug|Any CPU
		{BD5E68EB-0E38-49D7-87DB-3E29864D41D0}.Default|x86.Build.0 = Debug|Any CPU
		{BD5E68EB-0E38-49D7-87DB-3E29864D41D0}.Release|Any CPU.ActiveCfg = Release|Any CPU
		{BD5E68EB-0E38-49D7-87DB-3E29864D41D0}.Release|Any CPU.Build.0 = Release|Any CPU
		{BD5E68EB-0E38-49D7-87DB-3E29864D41D0}.Release|x86.ActiveCfg = Release|Any CPU
		{BD5E68EB-0E38-49D7-87DB-3E29864D41D0}.Release|x86.Build.0 = Release|Any CPU
	EndGlobalSection
	GlobalSection(SolutionProperties) = preSolution
		HideSolutionNode = FALSE
	EndGlobalSection
	GlobalSection(ExtensibilityGlobals) = postSolution
		SolutionGuid = {2B2F4261-92DD-46D5-A838-D6D9CC35DD95}
	EndGlobalSection
EndGlobal
